lockfileVersion: '6.0'

settings:
  autoInstallPeers: true
  excludeLinksFromLockfile: false

devDependencies:
  '@types/k6':
    specifier: ^0.49.1
    version: 0.49.1
  typescript:
    specifier: ^5.4.2
    version: 5.4.2

packages:

  /@types/k6@0.49.1:
    resolution: {integrity: sha512-jgj34Zbxof5ICSVVr/ds2xztBOG+izrokqX9QLMlkbLCQvhEGz3d/fQm+aqRYHX7am3tYVnS+27GFygNGlNQBA==}
    dev: true

  /typescript@5.4.2:
    resolution: {integrity: sha512-+2/g0Fds1ERlP6JsakQQDXjZdZMM+rqpamFZJEKh4kwTIn3iDkgKtby0CeNd5ATNZ4Ry1ax15TMx0W2V+miizQ==}
    engines: {node: '>=14.17'}
    hasBin: true
    dev: true
